
Microsoft Visual Studio Solution File, Format Version 12.00
# Visual Studio Version 17
VisualStudioVersion = 17.6.33829.357
MinimumVisualStudioVersion = 10.0.40219.1
Project("{FAE04EC0-301F-11D3-BF4B-00C04F79EFBC}") = "WidgetWPF", "WidgetWPF\WidgetWPF.csproj", "{6A5A8801-4A05-4AE7-85C0-1D175ABEFFB6}"
EndProject
Global
	GlobalSection(SolutionConfigurationPlatforms) = preSolution
		Debug|Any CPU = Debug|Any CPU
		Release|Any CPU = Release|Any CPU
	EndGlobalSection
	GlobalSection(ProjectConfigurationPlatforms) = postSolution
		{6A5A8801-4A05-4AE7-85C0-1D175ABEFFB6}.Debug|Any CPU.ActiveCfg = Debug|Any CPU
		{6A5A8801-4A05-4AE7-85C0-1D175ABEFFB6}.Debug|Any CPU.Build.0 = Debug|Any CPU
		{6A5A8801-4A05-4AE7-85C0-1D175ABEFFB6}.Release|Any CPU.ActiveCfg = Release|Any CPU
		{6A5A8801-4A05-4AE7-85C0-1D175ABEFFB6}.Release|Any CPU.Build.0 = Release|Any CPU
	EndGlobalSection
	GlobalSection(SolutionProperties) = preSolution
		HideSolutionNode = FALSE
	EndGlobalSection
	GlobalSection(ExtensibilityGlobals) = postSolution
		SolutionGuid = {19D8A788-24B6-4E9A-BB30-BF3650EE444A}
	EndGlobalSection
EndGlobal
